
Microsoft Visual Studio Solution File, Format Version 12.00
# Visual Studio Version 17
VisualStudioVersion = 17.13.35825.156
MinimumVisualStudioVersion = 10.0.40219.1
Project("{2150E333-8FDC-42A3-9474-1A3956D46DE8}") = "Services", "Services", "{02EA681E-C7D8-13C7-8484-4AC65E1B71E8}"
EndProject
Project("{FAE04EC0-301F-11D3-BF4B-00C04F79EFBC}") = "CBS.Services.AuthAPI", "CBS.Services.AuthAPI\CBS.Services.AuthAPI.csproj", "{1617857E-B445-494C-8727-A10CFA8644AF}"
EndProject
Project("{2150E333-8FDC-42A3-9474-1A3956D46DE8}") = "Integration", "Integration", "{6F5F4993-025E-4344-B32F-E589831E16DB}"
EndProject
Project("{FAE04EC0-301F-11D3-BF4B-00C04F79EFBC}") = "CBS.MessageBus", "CBS.MessageBus\CBS.MessageBus.csproj", "{9D0A8FFC-36FA-4327-AC23-EBDB1F616F15}"
EndProject
Project("{2150E333-8FDC-42A3-9474-1A3956D46DE8}") = "FrontEnd", "FrontEnd", "{65D1ABBC-3318-42CF-AC72-A308C4CA8DC9}"
EndProject
Project("{FAE04EC0-301F-11D3-BF4B-00C04F79EFBC}") = "CBS.Web", "CBS.Web\CBS.Web.csproj", "{E5F62BD6-22E2-47EE-B897-77F6CE957820}"
EndProject
Project("{FAE04EC0-301F-11D3-BF4B-00C04F79EFBC}") = "CBS.Services.ProductAPI", "CBS.Services.ProductAPI\CBS.Services.ProductAPI.csproj", "{1B1CC056-E16B-4EBE-8E2F-FF5E5BBDC88D}"
EndProject
Project("{FAE04EC0-301F-11D3-BF4B-00C04F79EFBC}") = "CBS.Services.OrderAPI", "CBS.Services.OrderAPI\CBS.Services.OrderAPI.csproj", "{A616D73B-8F43-4E52-94F8-DDD52B64B314}"
EndProject
Project("{FAE04EC0-301F-11D3-BF4B-00C04F79EFBC}") = "CBS.Services.PlumAPI", "CBS.Services.PlumAPI\CBS.Services.PlumAPI.csproj", "{2F12A8A7-2380-4F55-B24B-4AE4032874F2}"
EndProject
Global
	GlobalSection(SolutionConfigurationPlatforms) = preSolution
		Debug|Any CPU = Debug|Any CPU
		Release|Any CPU = Release|Any CPU
	EndGlobalSection
	GlobalSection(ProjectConfigurationPlatforms) = postSolution
		{1617857E-B445-494C-8727-A10CFA8644AF}.Debug|Any CPU.ActiveCfg = Debug|Any CPU
		{1617857E-B445-494C-8727-A10CFA8644AF}.Debug|Any CPU.Build.0 = Debug|Any CPU
		{1617857E-B445-494C-8727-A10CFA8644AF}.Release|Any CPU.ActiveCfg = Release|Any CPU
		{1617857E-B445-494C-8727-A10CFA8644AF}.Release|Any CPU.Build.0 = Release|Any CPU
		{9D0A8FFC-36FA-4327-AC23-EBDB1F616F15}.Debug|Any CPU.ActiveCfg = Debug|Any CPU
		{9D0A8FFC-36FA-4327-AC23-EBDB1F616F15}.Debug|Any CPU.Build.0 = Debug|Any CPU
		{9D0A8FFC-36FA-4327-AC23-EBDB1F616F15}.Release|Any CPU.ActiveCfg = Release|Any CPU
		{9D0A8FFC-36FA-4327-AC23-EBDB1F616F15}.Release|Any CPU.Build.0 = Release|Any CPU
		{E5F62BD6-22E2-47EE-B897-77F6CE957820}.Debug|Any CPU.ActiveCfg = Debug|Any CPU
		{E5F62BD6-22E2-47EE-B897-77F6CE957820}.Debug|Any CPU.Build.0 = Debug|Any CPU
		{E5F62BD6-22E2-47EE-B897-77F6CE957820}.Release|Any CPU.ActiveCfg = Release|Any CPU
		{E5F62BD6-22E2-47EE-B897-77F6CE957820}.Release|Any CPU.Build.0 = Release|Any CPU
		{1B1CC056-E16B-4EBE-8E2F-FF5E5BBDC88D}.Debug|Any CPU.ActiveCfg = Debug|Any CPU
		{1B1CC056-E16B-4EBE-8E2F-FF5E5BBDC88D}.Debug|Any CPU.Build.0 = Debug|Any CPU
		{1B1CC056-E16B-4EBE-8E2F-FF5E5BBDC88D}.Release|Any CPU.ActiveCfg = Release|Any CPU
		{1B1CC056-E16B-4EBE-8E2F-FF5E5BBDC88D}.Release|Any CPU.Build.0 = Release|Any CPU
		{A616D73B-8F43-4E52-94F8-DDD52B64B314}.Debug|Any CPU.ActiveCfg = Debug|Any CPU
		{A616D73B-8F43-4E52-94F8-DDD52B64B314}.Debug|Any CPU.Build.0 = Debug|Any CPU
		{A616D73B-8F43-4E52-94F8-DDD52B64B314}.Release|Any CPU.ActiveCfg = Release|Any CPU
		{A616D73B-8F43-4E52-94F8-DDD52B64B314}.Release|Any CPU.Build.0 = Release|Any CPU
		{2F12A8A7-2380-4F55-B24B-4AE4032874F2}.Debug|Any CPU.ActiveCfg = Debug|Any CPU
		{2F12A8A7-2380-4F55-B24B-4AE4032874F2}.Debug|Any CPU.Build.0 = Debug|Any CPU
		{2F12A8A7-2380-4F55-B24B-4AE4032874F2}.Release|Any CPU.ActiveCfg = Release|Any CPU
		{2F12A8A7-2380-4F55-B24B-4AE4032874F2}.Release|Any CPU.Build.0 = Release|Any CPU
	EndGlobalSection
	GlobalSection(SolutionProperties) = preSolution
		HideSolutionNode = FALSE
	EndGlobalSection
	GlobalSection(NestedProjects) = preSolution
		{1617857E-B445-494C-8727-A10CFA8644AF} = {02EA681E-C7D8-13C7-8484-4AC65E1B71E8}
		{9D0A8FFC-36FA-4327-AC23-EBDB1F616F15} = {6F5F4993-025E-4344-B32F-E589831E16DB}
		{E5F62BD6-22E2-47EE-B897-77F6CE957820} = {65D1ABBC-3318-42CF-AC72-A308C4CA8DC9}
		{1B1CC056-E16B-4EBE-8E2F-FF5E5BBDC88D} = {02EA681E-C7D8-13C7-8484-4AC65E1B71E8}
		{A616D73B-8F43-4E52-94F8-DDD52B64B314} = {02EA681E-C7D8-13C7-8484-4AC65E1B71E8}
		{2F12A8A7-2380-4F55-B24B-4AE4032874F2} = {02EA681E-C7D8-13C7-8484-4AC65E1B71E8}
	EndGlobalSection
	GlobalSection(ExtensibilityGlobals) = postSolution
		SolutionGuid = {9994F255-8879-445E-994B-1E0CED5E4054}
	EndGlobalSection
EndGlobal
